{
  "name": "dwsiphon",
  "lockfileVersion": 2,
  "requires": true,
  "packages": {
    "": {
      "devDependencies": {
        "react-multi-carousel": "^2.6.1"
      }
    },
    "node_modules/react-multi-carousel": {
      "version": "2.6.1",
      "resolved": "https://registry.npmjs.org/react-multi-carousel/-/react-multi-carousel-2.6.1.tgz",
      "integrity": "sha512-N0YfKqEYc9ElyGMrvukyVDMkYae76GDY4+1pXXPLvRj9uLFuaa4rCj31RWbNP8VEE2A2Sp3TSLV2yXVoLUUD8w==",
      "dev": true,
      "engines": {
        "node": ">=8"
      }
    }
  },
  "dependencies": {
    "react-multi-carousel": {
      "version": "2.6.1",
      "resolved": "https://registry.npmjs.org/react-multi-carousel/-/react-multi-carousel-2.6.1.tgz",
      "integrity": "sha512-N0YfKqEYc9ElyGMrvukyVDMkYae76GDY4+1pXXPLvRj9uLFuaa4rCj31RWbNP8VEE2A2Sp3TSLV2yXVoLUUD8w==",
      "dev": true
    }
  }
}
